
Microsoft Visual Studio Solution File, Format Version 12.00
# Visual Studio Version 17
VisualStudioVersion = 17.7.34202.233
MinimumVisualStudioVersion = 10.0.40219.1
Project("{FAE04EC0-301F-11D3-BF4B-00C04F79EFBC}") = "MyLittleWorld", "MyLittleWorld\MyLittleWorld.csproj", "{08473E99-C320-424D-BF4D-28DE5426425B}"
EndProject
Global
	GlobalSection(SolutionConfigurationPlatforms) = preSolution
		Debug|Any CPU = Debug|Any CPU
		Release|Any CPU = Release|Any CPU
	EndGlobalSection
	GlobalSection(ProjectConfigurationPlatforms) = postSolution
		{08473E99-C320-424D-BF4D-28DE5426425B}.Debug|Any CPU.ActiveCfg = Debug|Any CPU
		{08473E99-C320-424D-BF4D-28DE5426425B}.Debug|Any CPU.Build.0 = Debug|Any CPU
		{08473E99-C320-424D-BF4D-28DE5426425B}.Release|Any CPU.ActiveCfg = Release|Any CPU
		{08473E99-C320-424D-BF4D-28DE5426425B}.Release|Any CPU.Build.0 = Release|Any CPU
	EndGlobalSection
	GlobalSection(SolutionProperties) = preSolution
		HideSolutionNode = FALSE
	EndGlobalSection
	GlobalSection(ExtensibilityGlobals) = postSolution
		SolutionGuid = {41BACD4F-4AF0-4273-A4B1-46211E98CDD1}
	EndGlobalSection
EndGlobal
